
Microsoft Visual Studio Solution File, Format Version 12.00
# Visual Studio Version 17
VisualStudioVersion = 17.4.33205.214
MinimumVisualStudioVersion = 10.0.40219.1
Project("{FAE04EC0-301F-11D3-BF4B-00C04F79EFBC}") = "epood", "epood\epood.csproj", "{0AB4EC36-CC0F-4879-8CF7-F639C1BAE68B}"
EndProject
Global
	GlobalSection(SolutionConfigurationPlatforms) = preSolution
		Debug|Any CPU = Debug|Any CPU
		Release|Any CPU = Release|Any CPU
	EndGlobalSection
	GlobalSection(ProjectConfigurationPlatforms) = postSolution
		{0AB4EC36-CC0F-4879-8CF7-F639C1BAE68B}.Debug|Any CPU.ActiveCfg = Debug|Any CPU
		{0AB4EC36-CC0F-4879-8CF7-F639C1BAE68B}.Debug|Any CPU.Build.0 = Debug|Any CPU
		{0AB4EC36-CC0F-4879-8CF7-F639C1BAE68B}.Release|Any CPU.ActiveCfg = Release|Any CPU
		{0AB4EC36-CC0F-4879-8CF7-F639C1BAE68B}.Release|Any CPU.Build.0 = Release|Any CPU
	EndGlobalSection
	GlobalSection(SolutionProperties) = preSolution
		HideSolutionNode = FALSE
	EndGlobalSection
	GlobalSection(ExtensibilityGlobals) = postSolution
		SolutionGuid = {7FD4C546-D514-47B4-BFBE-4971DB7506BA}
	EndGlobalSection
EndGlobal
